
Microsoft Visual Studio Solution File, Format Version 12.00
Project("{FAE04EC0-301F-11D3-BF4B-00C04F79EFBC}") = "ShootSubmarines", "ShootSubmarines.csproj", "{F262CE9E-ECE1-459A-B39E-2F6CBA77CDAB}"
EndProject
Global
	GlobalSection(SolutionConfigurationPlatforms) = preSolution
		Debug|Any CPU = Debug|Any CPU
		Release|Any CPU = Release|Any CPU
	EndGlobalSection
	GlobalSection(ProjectConfigurationPlatforms) = postSolution
		{F262CE9E-ECE1-459A-B39E-2F6CBA77CDAB}.Debug|Any CPU.ActiveCfg = Debug|Any CPU
		{F262CE9E-ECE1-459A-B39E-2F6CBA77CDAB}.Debug|Any CPU.Build.0 = Debug|Any CPU
		{F262CE9E-ECE1-459A-B39E-2F6CBA77CDAB}.Release|Any CPU.ActiveCfg = Release|Any CPU
		{F262CE9E-ECE1-459A-B39E-2F6CBA77CDAB}.Release|Any CPU.Build.0 = Release|Any CPU
	EndGlobalSection
EndGlobal
